
Microsoft Visual Studio Solution File, Format Version 12.00
# Visual Studio Version 17
VisualStudioVersion = 17.9.34723.18
MinimumVisualStudioVersion = 10.0.40219.1
Project("{FAE04EC0-301F-11D3-BF4B-00C04F79EFBC}") = "NemetschekAssignment", "NemetschekAssignment.csproj", "{5C00602C-8301-4AB0-9E35-49E294A747FA}"
EndProject
Global
	GlobalSection(SolutionConfigurationPlatforms) = preSolution
		Debug|Any CPU = Debug|Any CPU
		Release|Any CPU = Release|Any CPU
	EndGlobalSection
	GlobalSection(ProjectConfigurationPlatforms) = postSolution
		{5C00602C-8301-4AB0-9E35-49E294A747FA}.Debug|Any CPU.ActiveCfg = Debug|Any CPU
		{5C00602C-8301-4AB0-9E35-49E294A747FA}.Debug|Any CPU.Build.0 = Debug|Any CPU
		{5C00602C-8301-4AB0-9E35-49E294A747FA}.Release|Any CPU.ActiveCfg = Release|Any CPU
		{5C00602C-8301-4AB0-9E35-49E294A747FA}.Release|Any CPU.Build.0 = Release|Any CPU
	EndGlobalSection
	GlobalSection(SolutionProperties) = preSolution
		HideSolutionNode = FALSE
	EndGlobalSection
	GlobalSection(ExtensibilityGlobals) = postSolution
		SolutionGuid = {7630579A-0027-4039-B2F7-83CB1C3B67F3}
	EndGlobalSection
EndGlobal
